
Microsoft Visual Studio Solution File, Format Version 12.00
# Visual Studio Version 17
VisualStudioVersion = 17.5.002.0
MinimumVisualStudioVersion = 10.0.40219.1
Project("{9A19103F-16F7-4668-BE54-9A1E7A4F7556}") = "lab-6-typing-trainer-Treywalk33", "lab-6-typing-trainer-Treywalk33.csproj", "{D37B25D3-32AC-4558-BAAA-3E5529444A48}"
EndProject
Global
	GlobalSection(SolutionConfigurationPlatforms) = preSolution
		Debug|Any CPU = Debug|Any CPU
		Release|Any CPU = Release|Any CPU
	EndGlobalSection
	GlobalSection(ProjectConfigurationPlatforms) = postSolution
		{D37B25D3-32AC-4558-BAAA-3E5529444A48}.Debug|Any CPU.ActiveCfg = Debug|Any CPU
		{D37B25D3-32AC-4558-BAAA-3E5529444A48}.Debug|Any CPU.Build.0 = Debug|Any CPU
		{D37B25D3-32AC-4558-BAAA-3E5529444A48}.Release|Any CPU.ActiveCfg = Release|Any CPU
		{D37B25D3-32AC-4558-BAAA-3E5529444A48}.Release|Any CPU.Build.0 = Release|Any CPU
	EndGlobalSection
	GlobalSection(SolutionProperties) = preSolution
		HideSolutionNode = FALSE
	EndGlobalSection
	GlobalSection(ExtensibilityGlobals) = postSolution
		SolutionGuid = {F437292E-73AE-4395-A790-630C8468923D}
	EndGlobalSection
EndGlobal
